<?xml version="1.0" encoding="utf-8"?>
<Project ToolsVersion="4.0" xmlns="http://schemas.microsoft.com/developer/msbuild/2003">
  <ItemGroup>
    <Filter Include="Resource Files">
      <UniqueIdentifier>{67DA6AB6-F800-4c08-8B7A-83BB121AAD01}</UniqueIdentifier>
      <Extensions>rc;ico;cur;bmp;dlg;rc2;rct;bin;rgs;gif;jpg;jpeg;jpe;resx;tiff;tif;png;wav;mfcribbon-ms</Extensions>
    </Filter>
    <Filter Include="Source">
      <UniqueIdentifier>{3c7fd97d-6e7f-4a85-a712-dc58359bf6f3}</UniqueIdentifier>
    </Filter>
    <Filter Include="Source\pch">
      <UniqueIdentifier>{8d2ee57f-e867-416b-b053-5a33fc559d3c}</UniqueIdentifier>
    </Filter>
    <Filter Include="Source\Private">
      <UniqueIdentifier>{190d73c7-561b-4c63-99f5-a63c2be91323}</UniqueIdentifier>
    </Filter>
    <Filter Include="Source\Public">
      <UniqueIdentifier>{c01394a0-d6f7-4523-aeda-02f79657542d}</UniqueIdentifier>
    </Filter>
    <Filter Include="Source\Private\Core">
      <UniqueIdentifier>{666b6fbc-f9e5-4bf1-9aef-2dcf09584c55}</UniqueIdentifier>
    </Filter>
    <Filter Include="Source\Public\Core">
      <UniqueIdentifier>{eb5ba016-c645-4d6a-8132-e2e246e2b36f}</UniqueIdentifier>
    </Filter>
    <Filter Include="Source\Private\Core\Windows">
      <UniqueIdentifier>{fe2de1b5-e44e-4c32-bd94-351514687818}</UniqueIdentifier>
    </Filter>
    <Filter Include="Source\Public\Core\Windows">
      <UniqueIdentifier>{554d5210-f235-4d31-afe2-e324c7475517}</UniqueIdentifier>
    </Filter>
    <Filter Include="Source\Public\RHI">
      <UniqueIdentifier>{1c1a5586-28b5-41b0-a29f-8a6d0913aab6}</UniqueIdentifier>
    </Filter>
    <Filter Include="Source\Private\RHI">
      <UniqueIdentifier>{8ccbc2e4-4c48-4b55-b848-8cb782671584}</UniqueIdentifier>
    </Filter>
    <Filter Include="Source\Public\RHI\D3D12">
      <UniqueIdentifier>{9d568763-9967-4db8-9906-d1b87e29343a}</UniqueIdentifier>
    </Filter>
  </ItemGroup>
  <ItemGroup>
    <ClCompile Include="Source\engine_pch.cpp">
      <Filter>Source\pch</Filter>
    </ClCompile>
    <ClCompile Include="Source\Engine.cpp">
      <Filter>Source\Private</Filter>
    </ClCompile>
    <ClCompile Include="Source\Core\Windows\WindowsApplication.cpp">
      <Filter>Source\Private\Core\Windows</Filter>
    </ClCompile>
    <ClCompile Include="Source\Core\Application.cpp">
      <Filter>Source\Private\Core</Filter>
    </ClCompile>
  </ItemGroup>
  <ItemGroup>
    <ClInclude Include="Source\engine_pch.h">
      <Filter>Source\pch</Filter>
    </ClInclude>
    <ClInclude Include="Source\Engine.h">
      <Filter>Source\Public</Filter>
    </ClInclude>
    <ClInclude Include="Source\Core\CoreMinimal.h">
      <Filter>Source\Public\Core</Filter>
    </ClInclude>
    <ClInclude Include="Source\Core\Application.h">
      <Filter>Source\Public\Core</Filter>
    </ClInclude>
    <ClInclude Include="Source\Core\Windows\WindowsPlatform.h">
      <Filter>Source\Public\Core\Windows</Filter>
    </ClInclude>
    <ClInclude Include="Source\Core\Windows\WindowsApplication.h">
      <Filter>Source\Public\Core\Windows</Filter>
    </ClInclude>
    <ClInclude Include="Source\Core\Core.h">
      <Filter>Source\Public\Core</Filter>
    </ClInclude>
    <ClInclude Include="Source\Core\Platform.h">
      <Filter>Source\Public\Core</Filter>
    </ClInclude>
    <ClInclude Include="Source\RHI\d3d12x.h">
      <Filter>Source\Public\RHI\D3D12</Filter>
    </ClInclude>
    <ClInclude Include="Source\RHI\D3D12\D3D12Common.h">
      <Filter>Source\Public\RHI\D3D12</Filter>
    </ClInclude>
  </ItemGroup>
</Project>